
Microsoft Visual Studio Solution File, Format Version 12.00
# Visual Studio Version 17
VisualStudioVersion = 17.13.35731.43 d17.13
MinimumVisualStudioVersion = 10.0.40219.1
Project("{54A90642-561A-4BB1-A94E-469ADEE60C69}") = "reactmovielibapp", "reactmovielibapp\reactmovielibapp.esproj", "{C461A866-FC1A-C834-64B8-CEABC2435D25}"
EndProject
Global
	GlobalSection(SolutionConfigurationPlatforms) = preSolution
		Debug|Any CPU = Debug|Any CPU
		Release|Any CPU = Release|Any CPU
	EndGlobalSection
	GlobalSection(ProjectConfigurationPlatforms) = postSolution
		{C461A866-FC1A-C834-64B8-CEABC2435D25}.Debug|Any CPU.ActiveCfg = Debug|Any CPU
		{C461A866-FC1A-C834-64B8-CEABC2435D25}.Debug|Any CPU.Build.0 = Debug|Any CPU
		{C461A866-FC1A-C834-64B8-CEABC2435D25}.Debug|Any CPU.Deploy.0 = Debug|Any CPU
		{C461A866-FC1A-C834-64B8-CEABC2435D25}.Release|Any CPU.ActiveCfg = Release|Any CPU
		{C461A866-FC1A-C834-64B8-CEABC2435D25}.Release|Any CPU.Build.0 = Release|Any CPU
		{C461A866-FC1A-C834-64B8-CEABC2435D25}.Release|Any CPU.Deploy.0 = Release|Any CPU
	EndGlobalSection
	GlobalSection(SolutionProperties) = preSolution
		HideSolutionNode = FALSE
	EndGlobalSection
	GlobalSection(ExtensibilityGlobals) = postSolution
		SolutionGuid = {5EA057BB-119D-4118-B34D-EBAB417B16BA}
	EndGlobalSection
EndGlobal
