
Microsoft Visual Studio Solution File, Format Version 12.00
# Visual Studio Version 16
VisualStudioVersion = 16.0.35425.106
MinimumVisualStudioVersion = 10.0.40219.1
Project("{FAE04EC0-301F-11D3-BF4B-00C04F79EFBC}") = "JavaScript", "JavaScript\JavaScript.csproj", "{C6030A60-C939-46FB-87B1-0DA1871B88F7}"
EndProject
Global
	GlobalSection(SolutionConfigurationPlatforms) = preSolution
		Debug|Any CPU = Debug|Any CPU
		Release|Any CPU = Release|Any CPU
	EndGlobalSection
	GlobalSection(ProjectConfigurationPlatforms) = postSolution
		{C6030A60-C939-46FB-87B1-0DA1871B88F7}.Debug|Any CPU.ActiveCfg = Debug|Any CPU
		{C6030A60-C939-46FB-87B1-0DA1871B88F7}.Debug|Any CPU.Build.0 = Debug|Any CPU
		{C6030A60-C939-46FB-87B1-0DA1871B88F7}.Release|Any CPU.ActiveCfg = Release|Any CPU
		{C6030A60-C939-46FB-87B1-0DA1871B88F7}.Release|Any CPU.Build.0 = Release|Any CPU
	EndGlobalSection
	GlobalSection(SolutionProperties) = preSolution
		HideSolutionNode = FALSE
	EndGlobalSection
	GlobalSection(ExtensibilityGlobals) = postSolution
		SolutionGuid = {55AD3FFE-467F-44FD-90C0-206BD7465558}
	EndGlobalSection
EndGlobal
